
Microsoft Visual Studio Solution File, Format Version 12.00
# Visual Studio Version 17
VisualStudioVersion = 17.12.35506.116
MinimumVisualStudioVersion = 10.0.40219.1
Project("{2150E333-8FDC-42A3-9474-1A3956D46DE8}") = "FrontEnd", "FrontEnd", "{1B1CC091-48E9-4532-9A79-06C77FD52C61}"
EndProject
Project("{2150E333-8FDC-42A3-9474-1A3956D46DE8}") = "Gateway", "Gateway", "{8F9142C1-1159-431B-9744-E88D406C37FF}"
EndProject
Project("{2150E333-8FDC-42A3-9474-1A3956D46DE8}") = "Integration", "Integration", "{A7522C46-6CBE-4192-852A-202AA96021AA}"
EndProject
Project("{2150E333-8FDC-42A3-9474-1A3956D46DE8}") = "Services", "Services", "{6ED7C48A-F388-4B8A-904F-B847EE43D7F8}"
EndProject
Project("{FAE04EC0-301F-11D3-BF4B-00C04F79EFBC}") = "Mango.Services.CouponAPI", "Mango.Services.CouponAPI\Mango.Services.CouponAPI.csproj", "{E1487BAC-72B3-478A-9E44-C63B1F6EBF6D}"
EndProject
Project("{FAE04EC0-301F-11D3-BF4B-00C04F79EFBC}") = "Mango.Web", "Mango.Web\Mango.Web.csproj", "{6802F6E6-DE92-4755-A7C5-FD0774938FCF}"
EndProject
Project("{FAE04EC0-301F-11D3-BF4B-00C04F79EFBC}") = "Mango.Services.AuthAPI", "Mango.Services.AuthAPI\Mango.Services.AuthAPI.csproj", "{9F80B046-A379-4CE8-B540-24EAFC64AE6B}"
EndProject
Project("{FAE04EC0-301F-11D3-BF4B-00C04F79EFBC}") = "Mango.Services.ProductAPI", "Mango.Services.ProductAPI\Mango.Services.ProductAPI.csproj", "{2434B06F-84D2-4A53-9D72-E1F73166DE2B}"
EndProject
Project("{FAE04EC0-301F-11D3-BF4B-00C04F79EFBC}") = "Mango.Services.ShoppingCartAPI", "Mango.Services.ShoppingCartAPI\Mango.Services.ShoppingCartAPI.csproj", "{9668B767-2F1E-4A46-A46B-77CD71BEACB8}"
EndProject
Project("{FAE04EC0-301F-11D3-BF4B-00C04F79EFBC}") = "Mango.MessageBus", "Mango.MessageBus\Mango.MessageBus.csproj", "{4F5545D6-3542-4F9A-9C4F-6F9AB5C64D47}"
EndProject
Project("{FAE04EC0-301F-11D3-BF4B-00C04F79EFBC}") = "Mango.Services.EmailAPI", "Mango.Services.EmailAPI\Mango.Services.EmailAPI.csproj", "{6F9360FE-ECDA-48A1-A6A1-F7E02C2D191C}"
EndProject
Global
	GlobalSection(SolutionConfigurationPlatforms) = preSolution
		Debug|Any CPU = Debug|Any CPU
		Release|Any CPU = Release|Any CPU
	EndGlobalSection
	GlobalSection(ProjectConfigurationPlatforms) = postSolution
		{E1487BAC-72B3-478A-9E44-C63B1F6EBF6D}.Debug|Any CPU.ActiveCfg = Debug|Any CPU
		{E1487BAC-72B3-478A-9E44-C63B1F6EBF6D}.Debug|Any CPU.Build.0 = Debug|Any CPU
		{E1487BAC-72B3-478A-9E44-C63B1F6EBF6D}.Release|Any CPU.ActiveCfg = Release|Any CPU
		{E1487BAC-72B3-478A-9E44-C63B1F6EBF6D}.Release|Any CPU.Build.0 = Release|Any CPU
		{6802F6E6-DE92-4755-A7C5-FD0774938FCF}.Debug|Any CPU.ActiveCfg = Debug|Any CPU
		{6802F6E6-DE92-4755-A7C5-FD0774938FCF}.Debug|Any CPU.Build.0 = Debug|Any CPU
		{6802F6E6-DE92-4755-A7C5-FD0774938FCF}.Release|Any CPU.ActiveCfg = Release|Any CPU
		{6802F6E6-DE92-4755-A7C5-FD0774938FCF}.Release|Any CPU.Build.0 = Release|Any CPU
		{9F80B046-A379-4CE8-B540-24EAFC64AE6B}.Debug|Any CPU.ActiveCfg = Debug|Any CPU
		{9F80B046-A379-4CE8-B540-24EAFC64AE6B}.Debug|Any CPU.Build.0 = Debug|Any CPU
		{9F80B046-A379-4CE8-B540-24EAFC64AE6B}.Release|Any CPU.ActiveCfg = Release|Any CPU
		{9F80B046-A379-4CE8-B540-24EAFC64AE6B}.Release|Any CPU.Build.0 = Release|Any CPU
		{2434B06F-84D2-4A53-9D72-E1F73166DE2B}.Debug|Any CPU.ActiveCfg = Debug|Any CPU
		{2434B06F-84D2-4A53-9D72-E1F73166DE2B}.Debug|Any CPU.Build.0 = Debug|Any CPU
		{2434B06F-84D2-4A53-9D72-E1F73166DE2B}.Release|Any CPU.ActiveCfg = Release|Any CPU
		{2434B06F-84D2-4A53-9D72-E1F73166DE2B}.Release|Any CPU.Build.0 = Release|Any CPU
		{9668B767-2F1E-4A46-A46B-77CD71BEACB8}.Debug|Any CPU.ActiveCfg = Debug|Any CPU
		{9668B767-2F1E-4A46-A46B-77CD71BEACB8}.Debug|Any CPU.Build.0 = Debug|Any CPU
		{9668B767-2F1E-4A46-A46B-77CD71BEACB8}.Release|Any CPU.ActiveCfg = Release|Any CPU
		{9668B767-2F1E-4A46-A46B-77CD71BEACB8}.Release|Any CPU.Build.0 = Release|Any CPU
		{4F5545D6-3542-4F9A-9C4F-6F9AB5C64D47}.Debug|Any CPU.ActiveCfg = Debug|Any CPU
		{4F5545D6-3542-4F9A-9C4F-6F9AB5C64D47}.Debug|Any CPU.Build.0 = Debug|Any CPU
		{4F5545D6-3542-4F9A-9C4F-6F9AB5C64D47}.Release|Any CPU.ActiveCfg = Release|Any CPU
		{4F5545D6-3542-4F9A-9C4F-6F9AB5C64D47}.Release|Any CPU.Build.0 = Release|Any CPU
		{6F9360FE-ECDA-48A1-A6A1-F7E02C2D191C}.Debug|Any CPU.ActiveCfg = Debug|Any CPU
		{6F9360FE-ECDA-48A1-A6A1-F7E02C2D191C}.Debug|Any CPU.Build.0 = Debug|Any CPU
		{6F9360FE-ECDA-48A1-A6A1-F7E02C2D191C}.Release|Any CPU.ActiveCfg = Release|Any CPU
		{6F9360FE-ECDA-48A1-A6A1-F7E02C2D191C}.Release|Any CPU.Build.0 = Release|Any CPU
	EndGlobalSection
	GlobalSection(SolutionProperties) = preSolution
		HideSolutionNode = FALSE
	EndGlobalSection
	GlobalSection(NestedProjects) = preSolution
		{E1487BAC-72B3-478A-9E44-C63B1F6EBF6D} = {6ED7C48A-F388-4B8A-904F-B847EE43D7F8}
		{6802F6E6-DE92-4755-A7C5-FD0774938FCF} = {1B1CC091-48E9-4532-9A79-06C77FD52C61}
		{9F80B046-A379-4CE8-B540-24EAFC64AE6B} = {6ED7C48A-F388-4B8A-904F-B847EE43D7F8}
		{2434B06F-84D2-4A53-9D72-E1F73166DE2B} = {6ED7C48A-F388-4B8A-904F-B847EE43D7F8}
		{9668B767-2F1E-4A46-A46B-77CD71BEACB8} = {6ED7C48A-F388-4B8A-904F-B847EE43D7F8}
		{4F5545D6-3542-4F9A-9C4F-6F9AB5C64D47} = {A7522C46-6CBE-4192-852A-202AA96021AA}
		{6F9360FE-ECDA-48A1-A6A1-F7E02C2D191C} = {6ED7C48A-F388-4B8A-904F-B847EE43D7F8}
	EndGlobalSection
EndGlobal
